// !$*UTF8*$!
{
	archiveVersion = 1;
	classes = {
	};
	objectVersion = 77;
	objects = {

/* Begin PBXBuildFile section */
		C332307A2FCA911D00F2DBA3 /* Sparkle in Frameworks */ = {isa = PBXBuildFile; productRef = B2C3D4E5F6A7B8C9D0E1F2A3B4 /* Sparkle */; };
		D10000012FDD000100000001 /* ViabarWidgetExtension.appex in Embed Foundation Extensions */ = {isa = PBXBuildFile; fileRef = D10000102FDD000100000001 /* ViabarWidgetExtension.appex */; settings = {ATTRIBUTES = (CodeSignOnCopy, RemoveHeadersOnCopy, ); }; };
		D10000212FDD000100000001 /* Viabar/Models/Project.swift in Sources */ = {isa = PBXBuildFile; fileRef = D10000312FDD000100000001 /* Viabar/Models/Project.swift */; };
		D10000222FDD000100000001 /* Viabar/Models/AppSettings.swift in Sources */ = {isa = PBXBuildFile; fileRef = D10000322FDD000100000001 /* Viabar/Models/AppSettings.swift */; };
		D10000232FDD000100000001 /* Viabar/Models/ReminderDisplay.swift in Sources */ = {isa = PBXBuildFile; fileRef = D10000332FDD000100000001 /* Viabar/Models/ReminderDisplay.swift */; };
		D10000242FDD000100000001 /* Viabar/System/ViabarColor.swift in Sources */ = {isa = PBXBuildFile; fileRef = D10000342FDD000100000001 /* Viabar/System/ViabarColor.swift */; };
		D10000252FDD000100000001 /* Viabar/Views/Component/Color+Hex.swift in Sources */ = {isa = PBXBuildFile; fileRef = D10000352FDD000100000001 /* Viabar/Views/Component/Color+Hex.swift */; };
		D10000262FDD000100000001 /* Viabar/System/AppLanguageController.swift in Sources */ = {isa = PBXBuildFile; fileRef = D10000362FDD000100000001 /* Viabar/System/AppLanguageController.swift */; };
		D10000272FDD000100000001 /* Viabar/Models/TaskCompletionMutation.swift in Sources */ = {isa = PBXBuildFile; fileRef = D10000372FDD000100000001 /* Viabar/Models/TaskCompletionMutation.swift */; };
		D10000282FDD000100000001 /* Viabar/Models/WidgetContent.swift in Sources */ = {isa = PBXBuildFile; fileRef = D10000382FDD000100000001 /* Viabar/Models/WidgetContent.swift */; };
		D10000292FDD000100000001 /* Viabar/System/SharedModelContainer.swift in Sources */ = {isa = PBXBuildFile; fileRef = D10000392FDD000100000001 /* Viabar/System/SharedModelContainer.swift */; };
/* End PBXBuildFile section */

/* Begin PBXContainerItemProxy section */
		C3F31B112FBC0DBD00CEC84F /* PBXContainerItemProxy */ = {
			isa = PBXContainerItemProxy;
			containerPortal = C3F31AF92FBC0DBC00CEC84F /* Project object */;
			proxyType = 1;
			remoteGlobalIDString = C3F31B002FBC0DBC00CEC84F;
			remoteInfo = Viabar;
		};
		C3F31B1B2FBC0DBD00CEC84F /* PBXContainerItemProxy */ = {
			isa = PBXContainerItemProxy;
			containerPortal = C3F31AF92FBC0DBC00CEC84F /* Project object */;
			proxyType = 1;
			remoteGlobalIDString = C3F31B002FBC0DBC00CEC84F;
			remoteInfo = Viabar;
		};
		D10000412FDD000100000001 /* PBXContainerItemProxy */ = {
			isa = PBXContainerItemProxy;
			containerPortal = C3F31AF92FBC0DBC00CEC84F /* Project object */;
			proxyType = 1;
			remoteGlobalIDString = D10001002FDD000100000001;
			remoteInfo = ViabarWidgetExtension;
		};
/* End PBXContainerItemProxy section */

/* Begin PBXCopyFilesBuildPhase section */
		D10000512FDD000100000001 /* Embed Foundation Extensions */ = {
			isa = PBXCopyFilesBuildPhase;
			buildActionMask = 2147483647;
			dstPath = "";
			dstSubfolderSpec = 13;
			files = (
				D10000012FDD000100000001 /* ViabarWidgetExtension.appex in Embed Foundation Extensions */,
			);
			name = "Embed Foundation Extensions";
			runOnlyForDeploymentPostprocessing = 0;
		};
/* End PBXCopyFilesBuildPhase section */

/* Begin PBXFileReference section */
		C3F31B012FBC0DBC00CEC84F /* Viabar.app */ = {isa = PBXFileReference; explicitFileType = wrapper.application; includeInIndex = 0; path = Viabar.app; sourceTree = BUILT_PRODUCTS_DIR; };
		C3F31B102FBC0DBD00CEC84F /* ViabarTests.xctest */ = {isa = PBXFileReference; explicitFileType = wrapper.cfbundle; includeInIndex = 0; path = ViabarTests.xctest; sourceTree = BUILT_PRODUCTS_DIR; };
		C3F31B1A2FBC0DBD00CEC84F /* ViabarUITests.xctest */ = {isa = PBXFileReference; explicitFileType = wrapper.cfbundle; includeInIndex = 0; path = ViabarUITests.xctest; sourceTree = BUILT_PRODUCTS_DIR; };
		D10000102FDD000100000001 /* ViabarWidgetExtension.appex */ = {isa = PBXFileReference; explicitFileType = "wrapper.app-extension"; includeInIndex = 0; path = ViabarWidgetExtension.appex; sourceTree = BUILT_PRODUCTS_DIR; };
		D10000312FDD000100000001 /* Viabar/Models/Project.swift */ = {isa = PBXFileReference; lastKnownFileType = sourcecode.swift; path = Viabar/Models/Project.swift; sourceTree = SOURCE_ROOT; };
		D10000322FDD000100000001 /* Viabar/Models/AppSettings.swift */ = {isa = PBXFileReference; lastKnownFileType = sourcecode.swift; path = Viabar/Models/AppSettings.swift; sourceTree = SOURCE_ROOT; };
		D10000332FDD000100000001 /* Viabar/Models/ReminderDisplay.swift */ = {isa = PBXFileReference; lastKnownFileType = sourcecode.swift; path = Viabar/Models/ReminderDisplay.swift; sourceTree = SOURCE_ROOT; };
		D10000342FDD000100000001 /* Viabar/System/ViabarColor.swift */ = {isa = PBXFileReference; lastKnownFileType = sourcecode.swift; path = Viabar/System/ViabarColor.swift; sourceTree = SOURCE_ROOT; };
		D10000352FDD000100000001 /* Viabar/Views/Component/Color+Hex.swift */ = {isa = PBXFileReference; lastKnownFileType = sourcecode.swift; path = "Viabar/Views/Component/Color+Hex.swift"; sourceTree = SOURCE_ROOT; };
		D10000362FDD000100000001 /* Viabar/System/AppLanguageController.swift */ = {isa = PBXFileReference; lastKnownFileType = sourcecode.swift; path = Viabar/System/AppLanguageController.swift; sourceTree = SOURCE_ROOT; };
		D10000372FDD000100000001 /* Viabar/Models/TaskCompletionMutation.swift */ = {isa = PBXFileReference; lastKnownFileType = sourcecode.swift; path = Viabar/Models/TaskCompletionMutation.swift; sourceTree = SOURCE_ROOT; };
		D10000382FDD000100000001 /* Viabar/Models/WidgetContent.swift */ = {isa = PBXFileReference; lastKnownFileType = sourcecode.swift; path = Viabar/Models/WidgetContent.swift; sourceTree = SOURCE_ROOT; };
		D10000392FDD000100000001 /* Viabar/System/SharedModelContainer.swift */ = {isa = PBXFileReference; lastKnownFileType = sourcecode.swift; path = Viabar/System/SharedModelContainer.swift; sourceTree = SOURCE_ROOT; };
/* End PBXFileReference section */

/* Begin PBXFileSystemSynchronizedRootGroup section */
		C3F31B032FBC0DBC00CEC84F /* Viabar */ = {
			isa = PBXFileSystemSynchronizedRootGroup;
			path = Viabar;
			sourceTree = "<group>";
		};
		C3F31B132FBC0DBD00CEC84F /* ViabarTests */ = {
			isa = PBXFileSystemSynchronizedRootGroup;
			path = ViabarTests;
			sourceTree = "<group>";
		};
		C3F31B1D2FBC0DBD00CEC84F /* ViabarUITests */ = {
			isa = PBXFileSystemSynchronizedRootGroup;
			path = ViabarUITests;
			sourceTree = "<group>";
		};
		D10000612FDD000100000001 /* ViabarWidget */ = {
			isa = PBXFileSystemSynchronizedRootGroup;
			path = ViabarWidget;
			sourceTree = "<group>";
		};
/* End PBXFileSystemSynchronizedRootGroup section */

/* Begin PBXFrameworksBuildPhase section */
		C3F31AFE2FBC0DBC00CEC84F /* Frameworks */ = {
			isa = PBXFrameworksBuildPhase;
			buildActionMask = 2147483647;
			files = (
				C332307A2FCA911D00F2DBA3 /* Sparkle in Frameworks */,
			);
			runOnlyForDeploymentPostprocessing = 0;
		};
		C3F31B0D2FBC0DBD00CEC84F /* Frameworks */ = {
			isa = PBXFrameworksBuildPhase;
			buildActionMask = 2147483647;
			files = (
			);
			runOnlyForDeploymentPostprocessing = 0;
		};
		C3F31B172FBC0DBD00CEC84F /* Frameworks */ = {
			isa = PBXFrameworksBuildPhase;
			buildActionMask = 2147483647;
			files = (
			);
			runOnlyForDeploymentPostprocessing = 0;
		};
		D10000712FDD000100000001 /* Frameworks */ = {
			isa = PBXFrameworksBuildPhase;
			buildActionMask = 2147483647;
			files = (
			);
			runOnlyForDeploymentPostprocessing = 0;
		};
/* End PBXFrameworksBuildPhase section */

/* Begin PBXGroup section */
		C3323E892FCC151F00F2DBA3 /* Recovered References */ = {
			isa = PBXGroup;
			children = (
				D10000312FDD000100000001 /* Viabar/Models/Project.swift */,
				D10000322FDD000100000001 /* Viabar/Models/AppSettings.swift */,
				D10000332FDD000100000001 /* Viabar/Models/ReminderDisplay.swift */,
				D10000342FDD000100000001 /* Viabar/System/ViabarColor.swift */,
				D10000352FDD000100000001 /* Viabar/Views/Component/Color+Hex.swift */,
				D10000362FDD000100000001 /* Viabar/System/AppLanguageController.swift */,
				D10000372FDD000100000001 /* Viabar/Models/TaskCompletionMutation.swift */,
				D10000382FDD000100000001 /* Viabar/Models/WidgetContent.swift */,
				D10000392FDD000100000001 /* Viabar/System/SharedModelContainer.swift */,
			);
			name = "Recovered References";
			sourceTree = "<group>";
		};
		C3F31AF82FBC0DBC00CEC84F = {
			isa = PBXGroup;
			children = (
				C3F31B032FBC0DBC00CEC84F /* Viabar */,
				C3F31B132FBC0DBD00CEC84F /* ViabarTests */,
				C3F31B1D2FBC0DBD00CEC84F /* ViabarUITests */,
				D10000612FDD000100000001 /* ViabarWidget */,
				C3F31B022FBC0DBC00CEC84F /* Products */,
				C3323E892FCC151F00F2DBA3 /* Recovered References */,
			);
			sourceTree = "<group>";
		};
		C3F31B022FBC0DBC00CEC84F /* Products */ = {
			isa = PBXGroup;
			children = (
				C3F31B012FBC0DBC00CEC84F /* Viabar.app */,
				C3F31B102FBC0DBD00CEC84F /* ViabarTests.xctest */,
				C3F31B1A2FBC0DBD00CEC84F /* ViabarUITests.xctest */,
				D10000102FDD000100000001 /* ViabarWidgetExtension.appex */,
			);
			name = Products;
			sourceTree = "<group>";
		};
/* End PBXGroup section */

/* Begin PBXNativeTarget section */
		C3F31B002FBC0DBC00CEC84F /* Viabar */ = {
			isa = PBXNativeTarget;
			buildConfigurationList = C3F31B242FBC0DBD00CEC84F /* Build configuration list for PBXNativeTarget "Viabar" */;
			buildPhases = (
				C3F31AFD2FBC0DBC00CEC84F /* Sources */,
				C3F31AFE2FBC0DBC00CEC84F /* Frameworks */,
				C3F31AFF2FBC0DBC00CEC84F /* Resources */,
				D10000512FDD000100000001 /* Embed Foundation Extensions */,
			);
			buildRules = (
			);
			dependencies = (
				D10000422FDD000100000001 /* PBXTargetDependency */,
			);
			fileSystemSynchronizedGroups = (
				C3F31B032FBC0DBC00CEC84F /* Viabar */,
			);
			name = Viabar;
			packageProductDependencies = (
				B2C3D4E5F6A7B8C9D0E1F2A3B4 /* Sparkle */,
			);
			productName = Viabar;
			productReference = C3F31B012FBC0DBC00CEC84F /* Viabar.app */;
			productType = "com.apple.product-type.application";
		};
		C3F31B0F2FBC0DBD00CEC84F /* ViabarTests */ = {
			isa = PBXNativeTarget;
			buildConfigurationList = C3F31B272FBC0DBD00CEC84F /* Build configuration list for PBXNativeTarget "ViabarTests" */;
			buildPhases = (
				C3F31B0C2FBC0DBD00CEC84F /* Sources */,
				C3F31B0D2FBC0DBD00CEC84F /* Frameworks */,
				C3F31B0E2FBC0DBD00CEC84F /* Resources */,
			);
			buildRules = (
			);
			dependencies = (
				C3F31B122FBC0DBD00CEC84F /* PBXTargetDependency */,
			);
			fileSystemSynchronizedGroups = (
				C3F31B132FBC0DBD00CEC84F /* ViabarTests */,
			);
			name = ViabarTests;
			packageProductDependencies = (
			);
			productName = ViabarTests;
			productReference = C3F31B102FBC0DBD00CEC84F /* ViabarTests.xctest */;
			productType = "com.apple.product-type.bundle.unit-test";
		};
		C3F31B192FBC0DBD00CEC84F /* ViabarUITests */ = {
			isa = PBXNativeTarget;
			buildConfigurationList = C3F31B2A2FBC0DBD00CEC84F /* Build configuration list for PBXNativeTarget "ViabarUITests" */;
			buildPhases = (
				C3F31B162FBC0DBD00CEC84F /* Sources */,
				C3F31B172FBC0DBD00CEC84F /* Frameworks */,
				C3F31B182FBC0DBD00CEC84F /* Resources */,
			);
			buildRules = (
			);
			dependencies = (
				C3F31B1C2FBC0DBD00CEC84F /* PBXTargetDependency */,
			);
			fileSystemSynchronizedGroups = (
				C3F31B1D2FBC0DBD00CEC84F /* ViabarUITests */,
			);
			name = ViabarUITests;
			packageProductDependencies = (
			);
			productName = ViabarUITests;
			productReference = C3F31B1A2FBC0DBD00CEC84F /* ViabarUITests.xctest */;
			productType = "com.apple.product-type.bundle.ui-testing";
		};
		D10001002FDD000100000001 /* ViabarWidgetExtension */ = {
			isa = PBXNativeTarget;
			buildConfigurationList = D10001102FDD000100000001 /* Build configuration list for PBXNativeTarget "ViabarWidgetExtension" */;
			buildPhases = (
				D10001212FDD000100000001 /* Sources */,
				D10000712FDD000100000001 /* Frameworks */,
				D10001312FDD000100000001 /* Resources */,
			);
			buildRules = (
			);
			dependencies = (
			);
			fileSystemSynchronizedGroups = (
				D10000612FDD000100000001 /* ViabarWidget */,
			);
			name = ViabarWidgetExtension;
			packageProductDependencies = (
			);
			productName = ViabarWidgetExtension;
			productReference = D10000102FDD000100000001 /* ViabarWidgetExtension.appex */;
			productType = "com.apple.product-type.app-extension";
		};
/* End PBXNativeTarget section */

/* Begin PBXProject section */
		C3F31AF92FBC0DBC00CEC84F /* Project object */ = {
			isa = PBXProject;
			attributes = {
				BuildIndependentTargetsInParallel = 1;
				LastSwiftUpdateCheck = 2650;
				LastUpgradeCheck = 2650;
				TargetAttributes = {
					C3F31B002FBC0DBC00CEC84F = {
						CreatedOnToolsVersion = 26.5;
					};
					C3F31B0F2FBC0DBD00CEC84F = {
						CreatedOnToolsVersion = 26.5;
						TestTargetID = C3F31B002FBC0DBC00CEC84F;
					};
					C3F31B192FBC0DBD00CEC84F = {
						CreatedOnToolsVersion = 26.5;
						TestTargetID = C3F31B002FBC0DBC00CEC84F;
					};
					D10001002FDD000100000001 = {
						CreatedOnToolsVersion = 26.5;
					};
				};
			};
			buildConfigurationList = C3F31AFC2FBC0DBC00CEC84F /* Build configuration list for PBXProject "Viabar" */;
			developmentRegion = en;
			hasScannedForEncodings = 0;
			knownRegions = (
				en,
				Base,
				"zh-Hans",
			);
			mainGroup = C3F31AF82FBC0DBC00CEC84F;
			minimizedProjectReferenceProxies = 1;
			packageReferences = (
				A1B2C3D4E5F6A7B8C9D0E1F2 /* XCRemoteSwiftPackageReference "Sparkle" */,
			);
			preferredProjectObjectVersion = 77;
			productRefGroup = C3F31B022FBC0DBC00CEC84F /* Products */;
			projectDirPath = "";
			projectRoot = "";
			targets = (
				C3F31B002FBC0DBC00CEC84F /* Viabar */,
				C3F31B0F2FBC0DBD00CEC84F /* ViabarTests */,
				C3F31B192FBC0DBD00CEC84F /* ViabarUITests */,
				D10001002FDD000100000001 /* ViabarWidgetExtension */,
			);
		};
/* End PBXProject section */

/* Begin PBXResourcesBuildPhase section */
		C3F31AFF2FBC0DBC00CEC84F /* Resources */ = {
			isa = PBXResourcesBuildPhase;
			buildActionMask = 2147483647;
			files = (
			);
			runOnlyForDeploymentPostprocessing = 0;
		};
		C3F31B0E2FBC0DBD00CEC84F /* Resources */ = {
			isa = PBXResourcesBuildPhase;
			buildActionMask = 2147483647;
			files = (
			);
			runOnlyForDeploymentPostprocessing = 0;
		};
		C3F31B182FBC0DBD00CEC84F /* Resources */ = {
			isa = PBXResourcesBuildPhase;
			buildActionMask = 2147483647;
			files = (
			);
			runOnlyForDeploymentPostprocessing = 0;
		};
		D10001312FDD000100000001 /* Resources */ = {
			isa = PBXResourcesBuildPhase;
			buildActionMask = 2147483647;
			files = (
			);
			runOnlyForDeploymentPostprocessing = 0;
		};
/* End PBXResourcesBuildPhase section */

/* Begin PBXSourcesBuildPhase section */
		C3F31AFD2FBC0DBC00CEC84F /* Sources */ = {
			isa = PBXSourcesBuildPhase;
			buildActionMask = 2147483647;
			files = (
			);
			runOnlyForDeploymentPostprocessing = 0;
		};
		C3F31B0C2FBC0DBD00CEC84F /* Sources */ = {
			isa = PBXSourcesBuildPhase;
			buildActionMask = 2147483647;
			files = (
			);
			runOnlyForDeploymentPostprocessing = 0;
		};
		C3F31B162FBC0DBD00CEC84F /* Sources */ = {
			isa = PBXSourcesBuildPhase;
			buildActionMask = 2147483647;
			files = (
			);
			runOnlyForDeploymentPostprocessing = 0;
		};
		D10001212FDD000100000001 /* Sources */ = {
			isa = PBXSourcesBuildPhase;
			buildActionMask = 2147483647;
			files = (
				D10000212FDD000100000001 /* Viabar/Models/Project.swift in Sources */,
				D10000222FDD000100000001 /* Viabar/Models/AppSettings.swift in Sources */,
				D10000232FDD000100000001 /* Viabar/Models/ReminderDisplay.swift in Sources */,
				D10000242FDD000100000001 /* Viabar/System/ViabarColor.swift in Sources */,
				D10000252FDD000100000001 /* Viabar/Views/Component/Color+Hex.swift in Sources */,
				D10000262FDD000100000001 /* Viabar/System/AppLanguageController.swift in Sources */,
				D10000272FDD000100000001 /* Viabar/Models/TaskCompletionMutation.swift in Sources */,
				D10000282FDD000100000001 /* Viabar/Models/WidgetContent.swift in Sources */,
				D10000292FDD000100000001 /* Viabar/System/SharedModelContainer.swift in Sources */,
			);
			runOnlyForDeploymentPostprocessing = 0;
		};
/* End PBXSourcesBuildPhase section */

/* Begin PBXTargetDependency section */
		C3F31B122FBC0DBD00CEC84F /* PBXTargetDependency */ = {
			isa = PBXTargetDependency;
			target = C3F31B002FBC0DBC00CEC84F /* Viabar */;
			targetProxy = C3F31B112FBC0DBD00CEC84F /* PBXContainerItemProxy */;
		};
		C3F31B1C2FBC0DBD00CEC84F /* PBXTargetDependency */ = {
			isa = PBXTargetDependency;
			target = C3F31B002FBC0DBC00CEC84F /* Viabar */;
			targetProxy = C3F31B1B2FBC0DBD00CEC84F /* PBXContainerItemProxy */;
		};
		D10000422FDD000100000001 /* PBXTargetDependency */ = {
			isa = PBXTargetDependency;
			target = D10001002FDD000100000001 /* ViabarWidgetExtension */;
			targetProxy = D10000412FDD000100000001 /* PBXContainerItemProxy */;
		};
/* End PBXTargetDependency section */

/* Begin XCBuildConfiguration section */
		C3F31B222FBC0DBD00CEC84F /* Debug */ = {
			isa = XCBuildConfiguration;
			buildSettings = {
				ALWAYS_SEARCH_USER_PATHS = NO;
				ASSETCATALOG_COMPILER_GENERATE_SWIFT_ASSET_SYMBOL_EXTENSIONS = YES;
				CLANG_ANALYZER_NONNULL = YES;
				CLANG_ANALYZER_NUMBER_OBJECT_CONVERSION = YES_AGGRESSIVE;
				CLANG_CXX_LANGUAGE_STANDARD = "gnu++20";
				CLANG_ENABLE_MODULES = YES;
				CLANG_ENABLE_OBJC_ARC = YES;
				CLANG_ENABLE_OBJC_WEAK = YES;
				CLANG_WARN_BLOCK_CAPTURE_AUTORELEASING = YES;
				CLANG_WARN_BOOL_CONVERSION = YES;
				CLANG_WARN_COMMA = YES;
				CLANG_WARN_CONSTANT_CONVERSION = YES;
				CLANG_WARN_DEPRECATED_OBJC_IMPLEMENTATIONS = YES;
				CLANG_WARN_DIRECT_OBJC_ISA_USAGE = YES_ERROR;
				CLANG_WARN_DOCUMENTATION_COMMENTS = YES;
				CLANG_WARN_EMPTY_BODY = YES;
				CLANG_WARN_ENUM_CONVERSION = YES;
				CLANG_WARN_INFINITE_RECURSION = YES;
				CLANG_WARN_INT_CONVERSION = YES;
				CLANG_WARN_NON_LITERAL_NULL_CONVERSION = YES;
				CLANG_WARN_OBJC_IMPLICIT_RETAIN_SELF = YES;
				CLANG_WARN_OBJC_LITERAL_CONVERSION = YES;
				CLANG_WARN_OBJC_ROOT_CLASS = YES_ERROR;
				CLANG_WARN_QUOTED_INCLUDE_IN_FRAMEWORK_HEADER = YES;
				CLANG_WARN_RANGE_LOOP_ANALYSIS = YES;
				CLANG_WARN_STRICT_PROTOTYPES = YES;
				CLANG_WARN_SUSPICIOUS_MOVE = YES;
				CLANG_WARN_UNGUARDED_AVAILABILITY = YES_AGGRESSIVE;
				CLANG_WARN_UNREACHABLE_CODE = YES;
				CLANG_WARN__DUPLICATE_METHOD_MATCH = YES;
				COPY_PHASE_STRIP = NO;
				DEBUG_INFORMATION_FORMAT = dwarf;
				DEVELOPMENT_TEAM = 5J4XX45X4J;
				ENABLE_STRICT_OBJC_MSGSEND = YES;
				ENABLE_TESTABILITY = YES;
				ENABLE_USER_SCRIPT_SANDBOXING = YES;
				GCC_C_LANGUAGE_STANDARD = gnu17;
				GCC_DYNAMIC_NO_PIC = NO;
				GCC_NO_COMMON_BLOCKS = YES;
				GCC_OPTIMIZATION_LEVEL = 0;
				GCC_PREPROCESSOR_DEFINITIONS = (
					"DEBUG=1",
					"$(inherited)",
				);
				GCC_WARN_64_TO_32_BIT_CONVERSION = YES;
				GCC_WARN_ABOUT_RETURN_TYPE = YES_ERROR;
				GCC_WARN_UNDECLARED_SELECTOR = YES;
				GCC_WARN_UNINITIALIZED_AUTOS = YES_AGGRESSIVE;
				GCC_WARN_UNUSED_FUNCTION = YES;
				GCC_WARN_UNUSED_VARIABLE = YES;
				LOCALIZATION_PREFERS_STRING_CATALOGS = YES;
				MACOSX_DEPLOYMENT_TARGET = 26.5;
				MTL_ENABLE_DEBUG_INFO = INCLUDE_SOURCE;
				MTL_FAST_MATH = YES;
				ONLY_ACTIVE_ARCH = YES;
				SDKROOT = macosx;
				SWIFT_ACTIVE_COMPILATION_CONDITIONS = "DEBUG $(inherited)";
				SWIFT_OPTIMIZATION_LEVEL = "-Onone";
			};
			name = Debug;
		};
		C3F31B232FBC0DBD00CEC84F /* Release */ = {
			isa = XCBuildConfiguration;
			buildSettings = {
				ALWAYS_SEARCH_USER_PATHS = NO;
				ASSETCATALOG_COMPILER_GENERATE_SWIFT_ASSET_SYMBOL_EXTENSIONS = YES;
				CLANG_ANALYZER_NONNULL = YES;
				CLANG_ANALYZER_NUMBER_OBJECT_CONVERSION = YES_AGGRESSIVE;
				CLANG_CXX_LANGUAGE_STANDARD = "gnu++20";
				CLANG_ENABLE_MODULES = YES;
				CLANG_ENABLE_OBJC_ARC = YES;
				CLANG_ENABLE_OBJC_WEAK = YES;
				CLANG_WARN_BLOCK_CAPTURE_AUTORELEASING = YES;
				CLANG_WARN_BOOL_CONVERSION = YES;
				CLANG_WARN_COMMA = YES;
				CLANG_WARN_CONSTANT_CONVERSION = YES;
				CLANG_WARN_DEPRECATED_OBJC_IMPLEMENTATIONS = YES;
				CLANG_WARN_DIRECT_OBJC_ISA_USAGE = YES_ERROR;
				CLANG_WARN_DOCUMENTATION_COMMENTS = YES;
				CLANG_WARN_EMPTY_BODY = YES;
				CLANG_WARN_ENUM_CONVERSION = YES;
				CLANG_WARN_INFINITE_RECURSION = YES;
				CLANG_WARN_INT_CONVERSION = YES;
				CLANG_WARN_NON_LITERAL_NULL_CONVERSION = YES;
				CLANG_WARN_OBJC_IMPLICIT_RETAIN_SELF = YES;
				CLANG_WARN_OBJC_LITERAL_CONVERSION = YES;
				CLANG_WARN_OBJC_ROOT_CLASS = YES_ERROR;
				CLANG_WARN_QUOTED_INCLUDE_IN_FRAMEWORK_HEADER = YES;
				CLANG_WARN_RANGE_LOOP_ANALYSIS = YES;
				CLANG_WARN_STRICT_PROTOTYPES = YES;
				CLANG_WARN_SUSPICIOUS_MOVE = YES;
				CLANG_WARN_UNGUARDED_AVAILABILITY = YES_AGGRESSIVE;
				CLANG_WARN_UNREACHABLE_CODE = YES;
				CLANG_WARN__DUPLICATE_METHOD_MATCH = YES;
				COPY_PHASE_STRIP = NO;
				DEBUG_INFORMATION_FORMAT = "dwarf-with-dsym";
				DEVELOPMENT_TEAM = 5J4XX45X4J;
				ENABLE_NS_ASSERTIONS = NO;
				ENABLE_STRICT_OBJC_MSGSEND = YES;
				ENABLE_USER_SCRIPT_SANDBOXING = YES;
				GCC_C_LANGUAGE_STANDARD = gnu17;
				GCC_NO_COMMON_BLOCKS = YES;
				GCC_WARN_64_TO_32_BIT_CONVERSION = YES;
				GCC_WARN_ABOUT_RETURN_TYPE = YES_ERROR;
				GCC_WARN_UNDECLARED_SELECTOR = YES;
				GCC_WARN_UNINITIALIZED_AUTOS = YES_AGGRESSIVE;
				GCC_WARN_UNUSED_FUNCTION = YES;
				GCC_WARN_UNUSED_VARIABLE = YES;
				LOCALIZATION_PREFERS_STRING_CATALOGS = YES;
				MACOSX_DEPLOYMENT_TARGET = 26.5;
				MTL_ENABLE_DEBUG_INFO = NO;
				MTL_FAST_MATH = YES;
				SDKROOT = macosx;
				SWIFT_COMPILATION_MODE = wholemodule;
			};
			name = Release;
		};
		C3F31B252FBC0DBD00CEC84F /* Debug */ = {
			isa = XCBuildConfiguration;
			buildSettings = {
				ASSETCATALOG_COMPILER_APPICON_NAME = AppIcon;
				ASSETCATALOG_COMPILER_GLOBAL_ACCENT_COLOR_NAME = AccentColor;
				CODE_SIGN_ENTITLEMENTS = Viabar/Viabar.entitlements;
				CODE_SIGN_STYLE = Automatic;
				COMBINE_HIDPI_IMAGES = YES;
				CURRENT_PROJECT_VERSION = 6;
				DEVELOPMENT_TEAM = 5J4XX45X4J;
				ENABLE_APP_SANDBOX = NO;
				ENABLE_HARDENED_RUNTIME = NO;
				ENABLE_PREVIEWS = YES;
				ENABLE_USER_SELECTED_FILES = readwrite;
				GENERATE_INFOPLIST_FILE = YES;
				INFOPLIST_KEY_NSHumanReadableCopyright = "";
				INFOPLIST_KEY_SUEnableAutomaticChecks = YES;
				INFOPLIST_KEY_SUEnableInstallerLauncherService = YES;
				INFOPLIST_KEY_SUFeedURL = "https://raw.githubusercontent.com/tyrival/Viabar-Releases/main/appcast.xml";
				INFOPLIST_KEY_SUPublicEDKey = "HzVpJrfJGL2Af9xewfUZljdibKnPsZbptI8HMT8cFW4=";
				LD_RUNPATH_SEARCH_PATHS = (
					"$(inherited)",
					"@executable_path/../Frameworks",
				);
				MARKETING_VERSION = 1.0.5;
				PRODUCT_BUNDLE_IDENTIFIER = com.tyrival.Viabar;
				PRODUCT_NAME = "$(TARGET_NAME)";
				REGISTER_APP_GROUPS = YES;
				STRING_CATALOG_GENERATE_SYMBOLS = YES;
				SWIFT_APPROACHABLE_CONCURRENCY = YES;
				SWIFT_DEFAULT_ACTOR_ISOLATION = MainActor;
				SWIFT_EMIT_LOC_STRINGS = YES;
				SWIFT_UPCOMING_FEATURE_MEMBER_IMPORT_VISIBILITY = YES;
				SWIFT_VERSION = 5.0;
			};
			name = Debug;
		};
		C3F31B262FBC0DBD00CEC84F /* Release */ = {
			isa = XCBuildConfiguration;
			buildSettings = {
				ASSETCATALOG_COMPILER_APPICON_NAME = AppIcon;
				ASSETCATALOG_COMPILER_GLOBAL_ACCENT_COLOR_NAME = AccentColor;
				CODE_SIGN_ENTITLEMENTS = Viabar/Viabar.entitlements;
				CODE_SIGN_STYLE = Automatic;
				COMBINE_HIDPI_IMAGES = YES;
				CURRENT_PROJECT_VERSION = 6;
				DEVELOPMENT_TEAM = 5J4XX45X4J;
				ENABLE_APP_SANDBOX = NO;
				ENABLE_HARDENED_RUNTIME = NO;
				ENABLE_PREVIEWS = YES;
				ENABLE_USER_SELECTED_FILES = readwrite;
				GENERATE_INFOPLIST_FILE = YES;
				INFOPLIST_KEY_NSHumanReadableCopyright = "";
				INFOPLIST_KEY_SUEnableAutomaticChecks = YES;
				INFOPLIST_KEY_SUEnableInstallerLauncherService = YES;
				INFOPLIST_KEY_SUFeedURL = "https://raw.githubusercontent.com/tyrival/Viabar-Releases/main/appcast.xml";
				INFOPLIST_KEY_SUPublicEDKey = "HzVpJrfJGL2Af9xewfUZljdibKnPsZbptI8HMT8cFW4=";
				LD_RUNPATH_SEARCH_PATHS = (
					"$(inherited)",
					"@executable_path/../Frameworks",
				);
				MARKETING_VERSION = 1.0.5;
				PRODUCT_BUNDLE_IDENTIFIER = com.tyrival.Viabar;
				PRODUCT_NAME = "$(TARGET_NAME)";
				REGISTER_APP_GROUPS = YES;
				STRING_CATALOG_GENERATE_SYMBOLS = YES;
				SWIFT_APPROACHABLE_CONCURRENCY = YES;
				SWIFT_DEFAULT_ACTOR_ISOLATION = MainActor;
				SWIFT_EMIT_LOC_STRINGS = YES;
				SWIFT_UPCOMING_FEATURE_MEMBER_IMPORT_VISIBILITY = YES;
				SWIFT_VERSION = 5.0;
			};
			name = Release;
		};
		C3F31B282FBC0DBD00CEC84F /* Debug */ = {
			isa = XCBuildConfiguration;
			buildSettings = {
				BUNDLE_LOADER = "$(TEST_HOST)";
				CODE_SIGN_STYLE = Automatic;
				CURRENT_PROJECT_VERSION = 6;
				DEVELOPMENT_TEAM = 5J4XX45X4J;
				GENERATE_INFOPLIST_FILE = YES;
				MACOSX_DEPLOYMENT_TARGET = 26.5;
				MARKETING_VERSION = 1.0.5;
				PRODUCT_BUNDLE_IDENTIFIER = com.tyrival.ViabarTests;
				PRODUCT_NAME = "$(TARGET_NAME)";
				STRING_CATALOG_GENERATE_SYMBOLS = NO;
				SWIFT_APPROACHABLE_CONCURRENCY = YES;
				SWIFT_EMIT_LOC_STRINGS = NO;
				SWIFT_UPCOMING_FEATURE_MEMBER_IMPORT_VISIBILITY = YES;
				SWIFT_VERSION = 5.0;
				TEST_HOST = "$(BUILT_PRODUCTS_DIR)/Viabar.app/$(BUNDLE_EXECUTABLE_FOLDER_PATH)/Viabar";
			};
			name = Debug;
		};
		C3F31B292FBC0DBD00CEC84F /* Release */ = {
			isa = XCBuildConfiguration;
			buildSettings = {
				BUNDLE_LOADER = "$(TEST_HOST)";
				CODE_SIGN_STYLE = Automatic;
				CURRENT_PROJECT_VERSION = 6;
				DEVELOPMENT_TEAM = 5J4XX45X4J;
				GENERATE_INFOPLIST_FILE = YES;
				MACOSX_DEPLOYMENT_TARGET = 26.5;
				MARKETING_VERSION = 1.0.5;
				PRODUCT_BUNDLE_IDENTIFIER = com.tyrival.ViabarTests;
				PRODUCT_NAME = "$(TARGET_NAME)";
				STRING_CATALOG_GENERATE_SYMBOLS = NO;
				SWIFT_APPROACHABLE_CONCURRENCY = YES;
				SWIFT_EMIT_LOC_STRINGS = NO;
				SWIFT_UPCOMING_FEATURE_MEMBER_IMPORT_VISIBILITY = YES;
				SWIFT_VERSION = 5.0;
				TEST_HOST = "$(BUILT_PRODUCTS_DIR)/Viabar.app/$(BUNDLE_EXECUTABLE_FOLDER_PATH)/Viabar";
			};
			name = Release;
		};
		C3F31B2B2FBC0DBD00CEC84F /* Debug */ = {
			isa = XCBuildConfiguration;
			buildSettings = {
				CODE_SIGN_STYLE = Automatic;
				CURRENT_PROJECT_VERSION = 6;
				DEVELOPMENT_TEAM = 5J4XX45X4J;
				GENERATE_INFOPLIST_FILE = YES;
				MARKETING_VERSION = 1.0.5;
				PRODUCT_BUNDLE_IDENTIFIER = com.tyrival.ViabarUITests;
				PRODUCT_NAME = "$(TARGET_NAME)";
				STRING_CATALOG_GENERATE_SYMBOLS = NO;
				SWIFT_APPROACHABLE_CONCURRENCY = YES;
				SWIFT_EMIT_LOC_STRINGS = NO;
				SWIFT_UPCOMING_FEATURE_MEMBER_IMPORT_VISIBILITY = YES;
				SWIFT_VERSION = 5.0;
				TEST_TARGET_NAME = Viabar;
			};
			name = Debug;
		};
		C3F31B2C2FBC0DBD00CEC84F /* Release */ = {
			isa = XCBuildConfiguration;
			buildSettings = {
				CODE_SIGN_STYLE = Automatic;
				CURRENT_PROJECT_VERSION = 6;
				DEVELOPMENT_TEAM = 5J4XX45X4J;
				GENERATE_INFOPLIST_FILE = YES;
				MARKETING_VERSION = 1.0.5;
				PRODUCT_BUNDLE_IDENTIFIER = com.tyrival.ViabarUITests;
				PRODUCT_NAME = "$(TARGET_NAME)";
				STRING_CATALOG_GENERATE_SYMBOLS = NO;
				SWIFT_APPROACHABLE_CONCURRENCY = YES;
				SWIFT_EMIT_LOC_STRINGS = NO;
				SWIFT_UPCOMING_FEATURE_MEMBER_IMPORT_VISIBILITY = YES;
				SWIFT_VERSION = 5.0;
				TEST_TARGET_NAME = Viabar;
			};
			name = Release;
		};
		D10001412FDD000100000001 /* Debug */ = {
			isa = XCBuildConfiguration;
			buildSettings = {
				APPLICATION_EXTENSION_API_ONLY = YES;
				CODE_SIGN_ENTITLEMENTS = ViabarWidget/ViabarWidget.entitlements;
				CODE_SIGN_STYLE = Automatic;
				CURRENT_PROJECT_VERSION = 6;
				DEVELOPMENT_TEAM = 5J4XX45X4J;
				GENERATE_INFOPLIST_FILE = NO;
				INFOPLIST_FILE = ViabarWidget/Info.plist;
				LD_RUNPATH_SEARCH_PATHS = (
					"$(inherited)",
					"@executable_path/../Frameworks",
					"@executable_path/../../../../Frameworks",
				);
				MACOSX_DEPLOYMENT_TARGET = 26.5;
				MARKETING_VERSION = 1.0.5;
				PRODUCT_BUNDLE_IDENTIFIER = com.tyrival.Viabar.Widget;
				PRODUCT_NAME = "$(TARGET_NAME)";
				REGISTER_APP_GROUPS = YES;
				SKIP_INSTALL = YES;
				STRING_CATALOG_GENERATE_SYMBOLS = YES;
				SWIFT_APPROACHABLE_CONCURRENCY = YES;
				SWIFT_DEFAULT_ACTOR_ISOLATION = MainActor;
				SWIFT_EMIT_LOC_STRINGS = YES;
				SWIFT_UPCOMING_FEATURE_MEMBER_IMPORT_VISIBILITY = YES;
				SWIFT_VERSION = 5.0;
			};
			name = Debug;
		};
		D10001422FDD000100000001 /* Release */ = {
			isa = XCBuildConfiguration;
			buildSettings = {
				APPLICATION_EXTENSION_API_ONLY = YES;
				CODE_SIGN_ENTITLEMENTS = ViabarWidget/ViabarWidget.entitlements;
				CODE_SIGN_STYLE = Automatic;
				CURRENT_PROJECT_VERSION = 6;
				DEVELOPMENT_TEAM = 5J4XX45X4J;
				GENERATE_INFOPLIST_FILE = NO;
				INFOPLIST_FILE = ViabarWidget/Info.plist;
				LD_RUNPATH_SEARCH_PATHS = (
					"$(inherited)",
					"@executable_path/../Frameworks",
					"@executable_path/../../../../Frameworks",
				);
				MACOSX_DEPLOYMENT_TARGET = 26.5;
				MARKETING_VERSION = 1.0.5;
				PRODUCT_BUNDLE_IDENTIFIER = com.tyrival.Viabar.Widget;
				PRODUCT_NAME = "$(TARGET_NAME)";
				REGISTER_APP_GROUPS = YES;
				SKIP_INSTALL = YES;
				STRING_CATALOG_GENERATE_SYMBOLS = YES;
				SWIFT_APPROACHABLE_CONCURRENCY = YES;
				SWIFT_DEFAULT_ACTOR_ISOLATION = MainActor;
				SWIFT_EMIT_LOC_STRINGS = YES;
				SWIFT_UPCOMING_FEATURE_MEMBER_IMPORT_VISIBILITY = YES;
				SWIFT_VERSION = 5.0;
			};
			name = Release;
		};
/* End XCBuildConfiguration section */

/* Begin XCConfigurationList section */
		C3F31AFC2FBC0DBC00CEC84F /* Build configuration list for PBXProject "Viabar" */ = {
			isa = XCConfigurationList;
			buildConfigurations = (
				C3F31B222FBC0DBD00CEC84F /* Debug */,
				C3F31B232FBC0DBD00CEC84F /* Release */,
			);
			defaultConfigurationIsVisible = 0;
			defaultConfigurationName = Release;
		};
		C3F31B242FBC0DBD00CEC84F /* Build configuration list for PBXNativeTarget "Viabar" */ = {
			isa = XCConfigurationList;
			buildConfigurations = (
				C3F31B252FBC0DBD00CEC84F /* Debug */,
				C3F31B262FBC0DBD00CEC84F /* Release */,
			);
			defaultConfigurationIsVisible = 0;
			defaultConfigurationName = Release;
		};
		C3F31B272FBC0DBD00CEC84F /* Build configuration list for PBXNativeTarget "ViabarTests" */ = {
			isa = XCConfigurationList;
			buildConfigurations = (
				C3F31B282FBC0DBD00CEC84F /* Debug */,
				C3F31B292FBC0DBD00CEC84F /* Release */,
			);
			defaultConfigurationIsVisible = 0;
			defaultConfigurationName = Release;
		};
		C3F31B2A2FBC0DBD00CEC84F /* Build configuration list for PBXNativeTarget "ViabarUITests" */ = {
			isa = XCConfigurationList;
			buildConfigurations = (
				C3F31B2B2FBC0DBD00CEC84F /* Debug */,
				C3F31B2C2FBC0DBD00CEC84F /* Release */,
			);
			defaultConfigurationIsVisible = 0;
			defaultConfigurationName = Release;
		};
		D10001102FDD000100000001 /* Build configuration list for PBXNativeTarget "ViabarWidgetExtension" */ = {
			isa = XCConfigurationList;
			buildConfigurations = (
				D10001412FDD000100000001 /* Debug */,
				D10001422FDD000100000001 /* Release */,
			);
			defaultConfigurationIsVisible = 0;
			defaultConfigurationName = Release;
		};
/* End XCConfigurationList section */

/* Begin XCRemoteSwiftPackageReference section */
		A1B2C3D4E5F6A7B8C9D0E1F2 /* XCRemoteSwiftPackageReference "Sparkle" */ = {
			isa = XCRemoteSwiftPackageReference;
			repositoryURL = "https://github.com/sparkle-project/Sparkle";
			requirement = {
				kind = upToNextMajorVersion;
				minimumVersion = 2.0.0;
			};
		};
/* End XCRemoteSwiftPackageReference section */

/* Begin XCSwiftPackageProductDependency section */
		B2C3D4E5F6A7B8C9D0E1F2A3B4 /* Sparkle */ = {
			isa = XCSwiftPackageProductDependency;
			package = A1B2C3D4E5F6A7B8C9D0E1F2 /* XCRemoteSwiftPackageReference "Sparkle" */;
			productName = Sparkle;
		};
/* End XCSwiftPackageProductDependency section */
	};
	rootObject = C3F31AF92FBC0DBC00CEC84F /* Project object */;
}
